
Microsoft Visual Studio Solution File, Format Version 12.00
# Visual Studio 15
Project("{FAE04EC0-301F-11D3-BF4B-00C04F79EFBC}") = "RadioThermostat", "RadioThermostat\RadioThermostat.csproj", "{668B99D2-D1DC-42A1-AA63-8CAE4F978649}"
EndProject
Global
	GlobalSection(SolutionConfigurationPlatforms) = preSolution
		Debug|Any CPU = Debug|Any CPU
		Release|Any CPU = Release|Any CPU
	EndGlobalSection
	GlobalSection(ProjectConfigurationPlatforms) = postSolution
		{668B99D2-D1DC-42A1-AA63-8CAE4F978649}.Debug|Any CPU.ActiveCfg = Debug|Any CPU
		{668B99D2-D1DC-42A1-AA63-8CAE4F978649}.Debug|Any CPU.Build.0 = Debug|Any CPU
		{668B99D2-D1DC-42A1-AA63-8CAE4F978649}.Release|Any CPU.ActiveCfg = Release|Any CPU
		{668B99D2-D1DC-42A1-AA63-8CAE4F978649}.Release|Any CPU.Build.0 = Release|Any CPU
	EndGlobalSection
EndGlobal
